
Microsoft Visual Studio Solution File, Format Version 12.00
# Visual Studio 15
Project("{FAE04EC0-301F-11D3-BF4B-00C04F79EFBC}") = "ET.Recast", "ET.Recast.csproj", "{C4730594-140F-FA34-8123-8621AD306694}"
EndProject
Project("{FAE04EC0-301F-11D3-BF4B-00C04F79EFBC}") = "ET.HotfixView", "ET.HotfixView.csproj", "{5708D669-3CC9-53FC-A01C-9369CCA063FA}"
EndProject
Project("{FAE04EC0-301F-11D3-BF4B-00C04F79EFBC}") = "ET.YIUIFramework", "ET.YIUIFramework.csproj", "{4D493192-6889-FDC3-7579-6A106F5BFC42}"
EndProject
Project("{FAE04EC0-301F-11D3-BF4B-00C04F79EFBC}") = "ET.Loader.Editor", "ET.Loader.Editor.csproj", "{C463AC5A-802E-FAED-1BC6-7E3EFDE00ACA}"
EndProject
Project("{FAE04EC0-301F-11D3-BF4B-00C04F79EFBC}") = "ET.ModelView", "ET.ModelView.csproj", "{8E6044F5-DB91-0613-A43C-4B58D4F22A01}"
EndProject
Project("{FAE04EC0-301F-11D3-BF4B-00C04F79EFBC}") = "ET.YooAssets.Editor", "ET.YooAssets.Editor.csproj", "{512B6A99-41B2-17CE-56FE-D0039E09DB83}"
EndProject
Project("{FAE04EC0-301F-11D3-BF4B-00C04F79EFBC}") = "ET.Model", "ET.Model.csproj", "{C7598770-150C-4F41-F340-43505E6B23CA}"
EndProject
Project("{FAE04EC0-301F-11D3-BF4B-00C04F79EFBC}") = "ET.Loader", "ET.Loader.csproj", "{B13E8CB8-349A-D58C-D4D8-27C0BFE8A6B4}"
EndProject
Project("{FAE04EC0-301F-11D3-BF4B-00C04F79EFBC}") = "ET.YIUIFramework.Editor", "ET.YIUIFramework.Editor.csproj", "{499AA291-BF5C-8AF9-D300-C40396FB59AB}"
EndProject
Project("{FAE04EC0-301F-11D3-BF4B-00C04F79EFBC}") = "ET.MemoryPack", "ET.MemoryPack.csproj", "{2BEC5C0F-2790-F88F-A4C6-B8F486FC9401}"
EndProject
Project("{FAE04EC0-301F-11D3-BF4B-00C04F79EFBC}") = "ET.Hotfix", "ET.Hotfix.csproj", "{8B006C0F-385D-F9C7-3BC3-50C11E69A424}"
EndProject
Project("{FAE04EC0-301F-11D3-BF4B-00C04F79EFBC}") = "ET.PackageManager.Editor", "ET.PackageManager.Editor.csproj", "{9C9999BD-D583-863A-30FB-8CE3E85B8EAF}"
EndProject
Project("{FAE04EC0-301F-11D3-BF4B-00C04F79EFBC}") = "ET.YooAssets", "ET.YooAssets.csproj", "{8D884EC3-C7D8-A3F6-274A-5554863CA55C}"
EndProject
Project("{FAE04EC0-301F-11D3-BF4B-00C04F79EFBC}") = "ET.Core.Editor", "ET.Core.Editor.csproj", "{69B24355-EC0D-3119-8194-0E8DF36857A2}"
EndProject
Project("{FAE04EC0-301F-11D3-BF4B-00C04F79EFBC}") = "ET.HybridCLR.Editor", "ET.HybridCLR.Editor.csproj", "{60474A9A-F6AC-FFE7-A7C9-6883CAC27679}"
EndProject
Project("{FAE04EC0-301F-11D3-BF4B-00C04F79EFBC}") = "ET.Core", "ET.Core.csproj", "{1272EB51-3E5D-44C1-EA64-6C333038462F}"
EndProject
Project("{FAE04EC0-301F-11D3-BF4B-00C04F79EFBC}") = "Unity.Rider.Editor", "Unity.Rider.Editor.csproj", "{F6DD97BD-D40A-E040-A185-6550589FF40E}"
EndProject
Project("{FAE04EC0-301F-11D3-BF4B-00C04F79EFBC}") = "DamageNumbersPro", "DamageNumbersPro.csproj", "{1F98094B-1917-F13A-9842-E2F3BA56C29A}"
EndProject
Project("{FAE04EC0-301F-11D3-BF4B-00C04F79EFBC}") = "Halodi.PackageRegistryManager.Editor", "Halodi.PackageRegistryManager.Editor.csproj", "{407D4B2E-7EB0-1087-FCFB-759194B1659B}"
EndProject
Project("{FAE04EC0-301F-11D3-BF4B-00C04F79EFBC}") = "ET.YIUI.Luban.Editor", "ET.YIUI.Luban.Editor.csproj", "{319B9D49-DB23-6A8B-67BE-ED3468902529}"
EndProject
Project("{FAE04EC0-301F-11D3-BF4B-00C04F79EFBC}") = "ET.Proto.Editor", "ET.Proto.Editor.csproj", "{D0F6F6A7-6179-4752-8A23-C3BF302FBD03}"
EndProject
Project("{FAE04EC0-301F-11D3-BF4B-00C04F79EFBC}") = "DOTween.Modules", "DOTween.Modules.csproj", "{8BD4E9A2-7ABD-CB95-D6CF-2776586A6F11}"
EndProject
Project("{FAE04EC0-301F-11D3-BF4B-00C04F79EFBC}") = "ET.WOW.Editor", "ET.WOW.Editor.csproj", "{3D43AECF-BCCF-8F75-3EE3-B7C03E957884}"
EndProject
Project("{FAE04EC0-301F-11D3-BF4B-00C04F79EFBC}") = "ET.SourceGeneratorAttribute", "ET.SourceGeneratorAttribute.csproj", "{C5BE0070-7C50-36F6-E4D3-50D843F65F62}"
EndProject
Project("{FAE04EC0-301F-11D3-BF4B-00C04F79EFBC}") = "Halodi.PackageRegistryManager.Tests", "Halodi.PackageRegistryManager.Tests.csproj", "{057D2744-2331-D698-A2D9-C995537EF3B8}"
EndProject
Project("{FAE04EC0-301F-11D3-BF4B-00C04F79EFBC}") = "ET.HybridCLR", "ET.HybridCLR.csproj", "{224BB3D2-CDD1-DCA9-2F5A-9A45F676172C}"
EndProject
Project("{FAE04EC0-301F-11D3-BF4B-00C04F79EFBC}") = "ET.Init.Editor", "ET.Init.Editor.csproj", "{A78CD03B-4163-BA3D-ED71-991BD151FCE5}"
EndProject
Project("{FAE04EC0-301F-11D3-BF4B-00C04F79EFBC}") = "Artees.SemanticVersioning", "Artees.SemanticVersioning.csproj", "{946CD39A-D978-DFD5-7614-C609B21AA391}"
EndProject
Project("{FAE04EC0-301F-11D3-BF4B-00C04F79EFBC}") = "Sirenix.OdinInspector.Modules.UnityMathematics", "Sirenix.OdinInspector.Modules.UnityMathematics.csproj", "{8DB6B2D5-5CCB-0447-26CF-72C9FE4AF57F}"
EndProject
Project("{FAE04EC0-301F-11D3-BF4B-00C04F79EFBC}") = "ET.YIUI.YooAssets.Editor", "ET.YIUI.YooAssets.Editor.csproj", "{CA699579-9A26-E7BE-7CC6-BA3D043DF0D5}"
EndProject
Project("{FAE04EC0-301F-11D3-BF4B-00C04F79EFBC}") = "ET.Recast.Editor", "ET.Recast.Editor.csproj", "{F41AEBCE-673F-1C00-04B0-A0DBBFCD28C2}"
EndProject
Global
	GlobalSection(SolutionConfigurationPlatforms) = preSolution
		Debug|Any CPU = Debug|Any CPU
		Release|Any CPU = Release|Any CPU
	EndGlobalSection
	GlobalSection(ProjectConfigurationPlatforms) = postSolution
		{C4730594-140F-FA34-8123-8621AD306694}.Debug|Any CPU.ActiveCfg = Debug|Any CPU
		{C4730594-140F-FA34-8123-8621AD306694}.Debug|Any CPU.Build.0 = Debug|Any CPU
		{C4730594-140F-FA34-8123-8621AD306694}.Release|Any CPU.ActiveCfg = Release|Any CPU
		{C4730594-140F-FA34-8123-8621AD306694}.Release|Any CPU.Build.0 = Release|Any CPU
		{5708D669-3CC9-53FC-A01C-9369CCA063FA}.Debug|Any CPU.ActiveCfg = Debug|Any CPU
		{5708D669-3CC9-53FC-A01C-9369CCA063FA}.Debug|Any CPU.Build.0 = Debug|Any CPU
		{5708D669-3CC9-53FC-A01C-9369CCA063FA}.Release|Any CPU.ActiveCfg = Release|Any CPU
		{5708D669-3CC9-53FC-A01C-9369CCA063FA}.Release|Any CPU.Build.0 = Release|Any CPU
		{4D493192-6889-FDC3-7579-6A106F5BFC42}.Debug|Any CPU.ActiveCfg = Debug|Any CPU
		{4D493192-6889-FDC3-7579-6A106F5BFC42}.Debug|Any CPU.Build.0 = Debug|Any CPU
		{4D493192-6889-FDC3-7579-6A106F5BFC42}.Release|Any CPU.ActiveCfg = Release|Any CPU
		{4D493192-6889-FDC3-7579-6A106F5BFC42}.Release|Any CPU.Build.0 = Release|Any CPU
		{C463AC5A-802E-FAED-1BC6-7E3EFDE00ACA}.Debug|Any CPU.ActiveCfg = Debug|Any CPU
		{C463AC5A-802E-FAED-1BC6-7E3EFDE00ACA}.Debug|Any CPU.Build.0 = Debug|Any CPU
		{C463AC5A-802E-FAED-1BC6-7E3EFDE00ACA}.Release|Any CPU.ActiveCfg = Release|Any CPU
		{C463AC5A-802E-FAED-1BC6-7E3EFDE00ACA}.Release|Any CPU.Build.0 = Release|Any CPU
		{8E6044F5-DB91-0613-A43C-4B58D4F22A01}.Debug|Any CPU.ActiveCfg = Debug|Any CPU
		{8E6044F5-DB91-0613-A43C-4B58D4F22A01}.Debug|Any CPU.Build.0 = Debug|Any CPU
		{8E6044F5-DB91-0613-A43C-4B58D4F22A01}.Release|Any CPU.ActiveCfg = Release|Any CPU
		{8E6044F5-DB91-0613-A43C-4B58D4F22A01}.Release|Any CPU.Build.0 = Release|Any CPU
		{512B6A99-41B2-17CE-56FE-D0039E09DB83}.Debug|Any CPU.ActiveCfg = Debug|Any CPU
		{512B6A99-41B2-17CE-56FE-D0039E09DB83}.Debug|Any CPU.Build.0 = Debug|Any CPU
		{512B6A99-41B2-17CE-56FE-D0039E09DB83}.Release|Any CPU.ActiveCfg = Release|Any CPU
		{512B6A99-41B2-17CE-56FE-D0039E09DB83}.Release|Any CPU.Build.0 = Release|Any CPU
		{C7598770-150C-4F41-F340-43505E6B23CA}.Debug|Any CPU.ActiveCfg = Debug|Any CPU
		{C7598770-150C-4F41-F340-43505E6B23CA}.Debug|Any CPU.Build.0 = Debug|Any CPU
		{C7598770-150C-4F41-F340-43505E6B23CA}.Release|Any CPU.ActiveCfg = Release|Any CPU
		{C7598770-150C-4F41-F340-43505E6B23CA}.Release|Any CPU.Build.0 = Release|Any CPU
		{B13E8CB8-349A-D58C-D4D8-27C0BFE8A6B4}.Debug|Any CPU.ActiveCfg = Debug|Any CPU
		{B13E8CB8-349A-D58C-D4D8-27C0BFE8A6B4}.Debug|Any CPU.Build.0 = Debug|Any CPU
		{B13E8CB8-349A-D58C-D4D8-27C0BFE8A6B4}.Release|Any CPU.ActiveCfg = Release|Any CPU
		{B13E8CB8-349A-D58C-D4D8-27C0BFE8A6B4}.Release|Any CPU.Build.0 = Release|Any CPU
		{499AA291-BF5C-8AF9-D300-C40396FB59AB}.Debug|Any CPU.ActiveCfg = Debug|Any CPU
		{499AA291-BF5C-8AF9-D300-C40396FB59AB}.Debug|Any CPU.Build.0 = Debug|Any CPU
		{499AA291-BF5C-8AF9-D300-C40396FB59AB}.Release|Any CPU.ActiveCfg = Release|Any CPU
		{499AA291-BF5C-8AF9-D300-C40396FB59AB}.Release|Any CPU.Build.0 = Release|Any CPU
		{2BEC5C0F-2790-F88F-A4C6-B8F486FC9401}.Debug|Any CPU.ActiveCfg = Debug|Any CPU
		{2BEC5C0F-2790-F88F-A4C6-B8F486FC9401}.Debug|Any CPU.Build.0 = Debug|Any CPU
		{2BEC5C0F-2790-F88F-A4C6-B8F486FC9401}.Release|Any CPU.ActiveCfg = Release|Any CPU
		{2BEC5C0F-2790-F88F-A4C6-B8F486FC9401}.Release|Any CPU.Build.0 = Release|Any CPU
		{8B006C0F-385D-F9C7-3BC3-50C11E69A424}.Debug|Any CPU.ActiveCfg = Debug|Any CPU
		{8B006C0F-385D-F9C7-3BC3-50C11E69A424}.Debug|Any CPU.Build.0 = Debug|Any CPU
		{8B006C0F-385D-F9C7-3BC3-50C11E69A424}.Release|Any CPU.ActiveCfg = Release|Any CPU
		{8B006C0F-385D-F9C7-3BC3-50C11E69A424}.Release|Any CPU.Build.0 = Release|Any CPU
		{9C9999BD-D583-863A-30FB-8CE3E85B8EAF}.Debug|Any CPU.ActiveCfg = Debug|Any CPU
		{9C9999BD-D583-863A-30FB-8CE3E85B8EAF}.Debug|Any CPU.Build.0 = Debug|Any CPU
		{9C9999BD-D583-863A-30FB-8CE3E85B8EAF}.Release|Any CPU.ActiveCfg = Release|Any CPU
		{9C9999BD-D583-863A-30FB-8CE3E85B8EAF}.Release|Any CPU.Build.0 = Release|Any CPU
		{8D884EC3-C7D8-A3F6-274A-5554863CA55C}.Debug|Any CPU.ActiveCfg = Debug|Any CPU
		{8D884EC3-C7D8-A3F6-274A-5554863CA55C}.Debug|Any CPU.Build.0 = Debug|Any CPU
		{8D884EC3-C7D8-A3F6-274A-5554863CA55C}.Release|Any CPU.ActiveCfg = Release|Any CPU
		{8D884EC3-C7D8-A3F6-274A-5554863CA55C}.Release|Any CPU.Build.0 = Release|Any CPU
		{69B24355-EC0D-3119-8194-0E8DF36857A2}.Debug|Any CPU.ActiveCfg = Debug|Any CPU
		{69B24355-EC0D-3119-8194-0E8DF36857A2}.Debug|Any CPU.Build.0 = Debug|Any CPU
		{69B24355-EC0D-3119-8194-0E8DF36857A2}.Release|Any CPU.ActiveCfg = Release|Any CPU
		{69B24355-EC0D-3119-8194-0E8DF36857A2}.Release|Any CPU.Build.0 = Release|Any CPU
		{60474A9A-F6AC-FFE7-A7C9-6883CAC27679}.Debug|Any CPU.ActiveCfg = Debug|Any CPU
		{60474A9A-F6AC-FFE7-A7C9-6883CAC27679}.Debug|Any CPU.Build.0 = Debug|Any CPU
		{60474A9A-F6AC-FFE7-A7C9-6883CAC27679}.Release|Any CPU.ActiveCfg = Release|Any CPU
		{60474A9A-F6AC-FFE7-A7C9-6883CAC27679}.Release|Any CPU.Build.0 = Release|Any CPU
		{1272EB51-3E5D-44C1-EA64-6C333038462F}.Debug|Any CPU.ActiveCfg = Debug|Any CPU
		{1272EB51-3E5D-44C1-EA64-6C333038462F}.Debug|Any CPU.Build.0 = Debug|Any CPU
		{1272EB51-3E5D-44C1-EA64-6C333038462F}.Release|Any CPU.ActiveCfg = Release|Any CPU
		{1272EB51-3E5D-44C1-EA64-6C333038462F}.Release|Any CPU.Build.0 = Release|Any CPU
		{F6DD97BD-D40A-E040-A185-6550589FF40E}.Debug|Any CPU.ActiveCfg = Debug|Any CPU
		{F6DD97BD-D40A-E040-A185-6550589FF40E}.Debug|Any CPU.Build.0 = Debug|Any CPU
		{F6DD97BD-D40A-E040-A185-6550589FF40E}.Release|Any CPU.ActiveCfg = Release|Any CPU
		{F6DD97BD-D40A-E040-A185-6550589FF40E}.Release|Any CPU.Build.0 = Release|Any CPU
		{1F98094B-1917-F13A-9842-E2F3BA56C29A}.Debug|Any CPU.ActiveCfg = Debug|Any CPU
		{1F98094B-1917-F13A-9842-E2F3BA56C29A}.Debug|Any CPU.Build.0 = Debug|Any CPU
		{1F98094B-1917-F13A-9842-E2F3BA56C29A}.Release|Any CPU.ActiveCfg = Release|Any CPU
		{1F98094B-1917-F13A-9842-E2F3BA56C29A}.Release|Any CPU.Build.0 = Release|Any CPU
		{407D4B2E-7EB0-1087-FCFB-759194B1659B}.Debug|Any CPU.ActiveCfg = Debug|Any CPU
		{407D4B2E-7EB0-1087-FCFB-759194B1659B}.Debug|Any CPU.Build.0 = Debug|Any CPU
		{407D4B2E-7EB0-1087-FCFB-759194B1659B}.Release|Any CPU.ActiveCfg = Release|Any CPU
		{407D4B2E-7EB0-1087-FCFB-759194B1659B}.Release|Any CPU.Build.0 = Release|Any CPU
		{319B9D49-DB23-6A8B-67BE-ED3468902529}.Debug|Any CPU.ActiveCfg = Debug|Any CPU
		{319B9D49-DB23-6A8B-67BE-ED3468902529}.Debug|Any CPU.Build.0 = Debug|Any CPU
		{319B9D49-DB23-6A8B-67BE-ED3468902529}.Release|Any CPU.ActiveCfg = Release|Any CPU
		{319B9D49-DB23-6A8B-67BE-ED3468902529}.Release|Any CPU.Build.0 = Release|Any CPU
		{D0F6F6A7-6179-4752-8A23-C3BF302FBD03}.Debug|Any CPU.ActiveCfg = Debug|Any CPU
		{D0F6F6A7-6179-4752-8A23-C3BF302FBD03}.Debug|Any CPU.Build.0 = Debug|Any CPU
		{D0F6F6A7-6179-4752-8A23-C3BF302FBD03}.Release|Any CPU.ActiveCfg = Release|Any CPU
		{D0F6F6A7-6179-4752-8A23-C3BF302FBD03}.Release|Any CPU.Build.0 = Release|Any CPU
		{8BD4E9A2-7ABD-CB95-D6CF-2776586A6F11}.Debug|Any CPU.ActiveCfg = Debug|Any CPU
		{8BD4E9A2-7ABD-CB95-D6CF-2776586A6F11}.Debug|Any CPU.Build.0 = Debug|Any CPU
		{8BD4E9A2-7ABD-CB95-D6CF-2776586A6F11}.Release|Any CPU.ActiveCfg = Release|Any CPU
		{8BD4E9A2-7ABD-CB95-D6CF-2776586A6F11}.Release|Any CPU.Build.0 = Release|Any CPU
		{3D43AECF-BCCF-8F75-3EE3-B7C03E957884}.Debug|Any CPU.ActiveCfg = Debug|Any CPU
		{3D43AECF-BCCF-8F75-3EE3-B7C03E957884}.Debug|Any CPU.Build.0 = Debug|Any CPU
		{3D43AECF-BCCF-8F75-3EE3-B7C03E957884}.Release|Any CPU.ActiveCfg = Release|Any CPU
		{3D43AECF-BCCF-8F75-3EE3-B7C03E957884}.Release|Any CPU.Build.0 = Release|Any CPU
		{C5BE0070-7C50-36F6-E4D3-50D843F65F62}.Debug|Any CPU.ActiveCfg = Debug|Any CPU
		{C5BE0070-7C50-36F6-E4D3-50D843F65F62}.Debug|Any CPU.Build.0 = Debug|Any CPU
		{C5BE0070-7C50-36F6-E4D3-50D843F65F62}.Release|Any CPU.ActiveCfg = Release|Any CPU
		{C5BE0070-7C50-36F6-E4D3-50D843F65F62}.Release|Any CPU.Build.0 = Release|Any CPU
		{057D2744-2331-D698-A2D9-C995537EF3B8}.Debug|Any CPU.ActiveCfg = Debug|Any CPU
		{057D2744-2331-D698-A2D9-C995537EF3B8}.Debug|Any CPU.Build.0 = Debug|Any CPU
		{057D2744-2331-D698-A2D9-C995537EF3B8}.Release|Any CPU.ActiveCfg = Release|Any CPU
		{057D2744-2331-D698-A2D9-C995537EF3B8}.Release|Any CPU.Build.0 = Release|Any CPU
		{224BB3D2-CDD1-DCA9-2F5A-9A45F676172C}.Debug|Any CPU.ActiveCfg = Debug|Any CPU
		{224BB3D2-CDD1-DCA9-2F5A-9A45F676172C}.Debug|Any CPU.Build.0 = Debug|Any CPU
		{224BB3D2-CDD1-DCA9-2F5A-9A45F676172C}.Release|Any CPU.ActiveCfg = Release|Any CPU
		{224BB3D2-CDD1-DCA9-2F5A-9A45F676172C}.Release|Any CPU.Build.0 = Release|Any CPU
		{A78CD03B-4163-BA3D-ED71-991BD151FCE5}.Debug|Any CPU.ActiveCfg = Debug|Any CPU
		{A78CD03B-4163-BA3D-ED71-991BD151FCE5}.Debug|Any CPU.Build.0 = Debug|Any CPU
		{A78CD03B-4163-BA3D-ED71-991BD151FCE5}.Release|Any CPU.ActiveCfg = Release|Any CPU
		{A78CD03B-4163-BA3D-ED71-991BD151FCE5}.Release|Any CPU.Build.0 = Release|Any CPU
		{946CD39A-D978-DFD5-7614-C609B21AA391}.Debug|Any CPU.ActiveCfg = Debug|Any CPU
		{946CD39A-D978-DFD5-7614-C609B21AA391}.Debug|Any CPU.Build.0 = Debug|Any CPU
		{946CD39A-D978-DFD5-7614-C609B21AA391}.Release|Any CPU.ActiveCfg = Release|Any CPU
		{946CD39A-D978-DFD5-7614-C609B21AA391}.Release|Any CPU.Build.0 = Release|Any CPU
		{8DB6B2D5-5CCB-0447-26CF-72C9FE4AF57F}.Debug|Any CPU.ActiveCfg = Debug|Any CPU
		{8DB6B2D5-5CCB-0447-26CF-72C9FE4AF57F}.Debug|Any CPU.Build.0 = Debug|Any CPU
		{8DB6B2D5-5CCB-0447-26CF-72C9FE4AF57F}.Release|Any CPU.ActiveCfg = Release|Any CPU
		{8DB6B2D5-5CCB-0447-26CF-72C9FE4AF57F}.Release|Any CPU.Build.0 = Release|Any CPU
		{CA699579-9A26-E7BE-7CC6-BA3D043DF0D5}.Debug|Any CPU.ActiveCfg = Debug|Any CPU
		{CA699579-9A26-E7BE-7CC6-BA3D043DF0D5}.Debug|Any CPU.Build.0 = Debug|Any CPU
		{CA699579-9A26-E7BE-7CC6-BA3D043DF0D5}.Release|Any CPU.ActiveCfg = Release|Any CPU
		{CA699579-9A26-E7BE-7CC6-BA3D043DF0D5}.Release|Any CPU.Build.0 = Release|Any CPU
		{F41AEBCE-673F-1C00-04B0-A0DBBFCD28C2}.Debug|Any CPU.ActiveCfg = Debug|Any CPU
		{F41AEBCE-673F-1C00-04B0-A0DBBFCD28C2}.Debug|Any CPU.Build.0 = Debug|Any CPU
		{F41AEBCE-673F-1C00-04B0-A0DBBFCD28C2}.Release|Any CPU.ActiveCfg = Release|Any CPU
		{F41AEBCE-673F-1C00-04B0-A0DBBFCD28C2}.Release|Any CPU.Build.0 = Release|Any CPU
	EndGlobalSection
	GlobalSection(SolutionProperties) = preSolution
		HideSolutionNode = FALSE
	EndGlobalSection
EndGlobal
